
Microsoft Visual Studio Solution File, Format Version 11.00
# Visual Studio 2010
Project("{8BC9CEB8-8B4A-11D0-8D11-00A0C91BC942}") = "LAB2B", "LAB2B\LAB2B.vcxproj", "{BC7E4E5C-2136-4021-889D-D736131FABB4}"
EndProject
Global
	GlobalSection(SolutionConfigurationPlatforms) = preSolution
		Debug|Win32 = Debug|Win32
		Release|Win32 = Release|Win32
	EndGlobalSection
	GlobalSection(ProjectConfigurationPlatforms) = postSolution
		{BC7E4E5C-2136-4021-889D-D736131FABB4}.Debug|Win32.ActiveCfg = Debug|Win32
		{BC7E4E5C-2136-4021-889D-D736131FABB4}.Debug|Win32.Build.0 = Debug|Win32
		{BC7E4E5C-2136-4021-889D-D736131FABB4}.Release|Win32.ActiveCfg = Release|Win32
		{BC7E4E5C-2136-4021-889D-D736131FABB4}.Release|Win32.Build.0 = Release|Win32
	EndGlobalSection
	GlobalSection(SolutionProperties) = preSolution
		HideSolutionNode = FALSE
	EndGlobalSection
EndGlobal
